
Microsoft Visual Studio Solution File, Format Version 12.00
# Visual Studio Version 16
VisualStudioVersion = 16.0.31025.194
MinimumVisualStudioVersion = 10.0.40219.1
Project("{FAE04EC0-301F-11D3-BF4B-00C04F79EFBC}") = "WebApplication2", "WebApplication2\WebApplication2.csproj", "{77C2D79B-DE8F-43BF-9470-75EBD6667AE1}"
EndProject
Global
	GlobalSection(SolutionConfigurationPlatforms) = preSolution
		Debug|Any CPU = Debug|Any CPU
		Release|Any CPU = Release|Any CPU
	EndGlobalSection
	GlobalSection(ProjectConfigurationPlatforms) = postSolution
		{77C2D79B-DE8F-43BF-9470-75EBD6667AE1}.Debug|Any CPU.ActiveCfg = Debug|Any CPU
		{77C2D79B-DE8F-43BF-9470-75EBD6667AE1}.Debug|Any CPU.Build.0 = Debug|Any CPU
		{77C2D79B-DE8F-43BF-9470-75EBD6667AE1}.Release|Any CPU.ActiveCfg = Release|Any CPU
		{77C2D79B-DE8F-43BF-9470-75EBD6667AE1}.Release|Any CPU.Build.0 = Release|Any CPU
	EndGlobalSection
	GlobalSection(SolutionProperties) = preSolution
		HideSolutionNode = FALSE
	EndGlobalSection
	GlobalSection(ExtensibilityGlobals) = postSolution
		SolutionGuid = {FA503B22-8714-4676-B8C8-2608986372FC}
	EndGlobalSection
EndGlobal
